// !$*UTF8*$!
{
	archiveVersion = 1;
	classes = {
	};
	objectVersion = 55;
	objects = {

/* Begin PBXBuildFile section */
		D87E409828D4C5020050B5DF /* CountryViewController.swift in Sources */ = {isa = PBXBuildFile; fileRef = D87E409628D4C5020050B5DF /* CountryViewController.swift */; };
		D87E409928D4C5020050B5DF /* CountryViewController.xib in Resources */ = {isa = PBXBuildFile; fileRef = D87E409728D4C5020050B5DF /* CountryViewController.xib */; };
		D87E409B28D4CE320050B5DF /* CountryView.swift in Sources */ = {isa = PBXBuildFile; fileRef = D87E409A28D4CE320050B5DF /* CountryView.swift */; };
		D87E409D28D4D00F0050B5DF /* UIExtension.swift in Sources */ = {isa = PBXBuildFile; fileRef = D87E409C28D4D00F0050B5DF /* UIExtension.swift */; };
		D894B9D828D0DE7200ACB289 /* AppDelegate.swift in Sources */ = {isa = PBXBuildFile; fileRef = D894B9D728D0DE7200ACB289 /* AppDelegate.swift */; };
		D894B9DA28D0DE7200ACB289 /* SceneDelegate.swift in Sources */ = {isa = PBXBuildFile; fileRef = D894B9D928D0DE7200ACB289 /* SceneDelegate.swift */; };
		D894B9E128D0DE7400ACB289 /* Assets.xcassets in Resources */ = {isa = PBXBuildFile; fileRef = D894B9E028D0DE7400ACB289 /* Assets.xcassets */; };
		D894B9E428D0DE7400ACB289 /* LaunchScreen.storyboard in Resources */ = {isa = PBXBuildFile; fileRef = D894B9E228D0DE7400ACB289 /* LaunchScreen.storyboard */; };
		D894B9EC28D0DED100ACB289 /* WelcomeElement.swift in Sources */ = {isa = PBXBuildFile; fileRef = D894B9EB28D0DED100ACB289 /* WelcomeElement.swift */; };
		D894B9EE28D0DF1500ACB289 /* CountriesViewController.xib in Resources */ = {isa = PBXBuildFile; fileRef = D894B9ED28D0DF1500ACB289 /* CountriesViewController.xib */; };
		D894B9F028D0DF5D00ACB289 /* CountriesViewController.swift in Sources */ = {isa = PBXBuildFile; fileRef = D894B9EF28D0DF5D00ACB289 /* CountriesViewController.swift */; };
		D894B9F428D0E7CE00ACB289 /* SessionManager.swift in Sources */ = {isa = PBXBuildFile; fileRef = D894B9F328D0E7CE00ACB289 /* SessionManager.swift */; };
		D894B9F628D0EA4200ACB289 /* Model.swift in Sources */ = {isa = PBXBuildFile; fileRef = D894B9F528D0EA4200ACB289 /* Model.swift */; };
/* End PBXBuildFile section */

/* Begin PBXFileReference section */
		D87E409628D4C5020050B5DF /* CountryViewController.swift */ = {isa = PBXFileReference; lastKnownFileType = sourcecode.swift; path = CountryViewController.swift; sourceTree = "<group>"; };
		D87E409728D4C5020050B5DF /* CountryViewController.xib */ = {isa = PBXFileReference; lastKnownFileType = file.xib; path = CountryViewController.xib; sourceTree = "<group>"; };
		D87E409A28D4CE320050B5DF /* CountryView.swift */ = {isa = PBXFileReference; lastKnownFileType = sourcecode.swift; path = CountryView.swift; sourceTree = "<group>"; };
		D87E409C28D4D00F0050B5DF /* UIExtension.swift */ = {isa = PBXFileReference; lastKnownFileType = sourcecode.swift; path = UIExtension.swift; sourceTree = "<group>"; };
		D894B9D428D0DE7200ACB289 /* iCountries.app */ = {isa = PBXFileReference; explicitFileType = wrapper.application; includeInIndex = 0; path = iCountries.app; sourceTree = BUILT_PRODUCTS_DIR; };
		D894B9D728D0DE7200ACB289 /* AppDelegate.swift */ = {isa = PBXFileReference; lastKnownFileType = sourcecode.swift; path = AppDelegate.swift; sourceTree = "<group>"; };
		D894B9D928D0DE7200ACB289 /* SceneDelegate.swift */ = {isa = PBXFileReference; lastKnownFileType = sourcecode.swift; path = SceneDelegate.swift; sourceTree = "<group>"; };
		D894B9E028D0DE7400ACB289 /* Assets.xcassets */ = {isa = PBXFileReference; lastKnownFileType = folder.assetcatalog; path = Assets.xcassets; sourceTree = "<group>"; };
		D894B9E328D0DE7400ACB289 /* Base */ = {isa = PBXFileReference; lastKnownFileType = file.storyboard; name = Base; path = Base.lproj/LaunchScreen.storyboard; sourceTree = "<group>"; };
		D894B9E528D0DE7400ACB289 /* Info.plist */ = {isa = PBXFileReference; lastKnownFileType = text.plist.xml; path = Info.plist; sourceTree = "<group>"; };
		D894B9EB28D0DED100ACB289 /* WelcomeElement.swift */ = {isa = PBXFileReference; lastKnownFileType = sourcecode.swift; path = WelcomeElement.swift; sourceTree = "<group>"; };
		D894B9ED28D0DF1500ACB289 /* CountriesViewController.xib */ = {isa = PBXFileReference; lastKnownFileType = file.xib; path = CountriesViewController.xib; sourceTree = "<group>"; };
		D894B9EF28D0DF5D00ACB289 /* CountriesViewController.swift */ = {isa = PBXFileReference; lastKnownFileType = sourcecode.swift; path = CountriesViewController.swift; sourceTree = "<group>"; };
		D894B9F328D0E7CE00ACB289 /* SessionManager.swift */ = {isa = PBXFileReference; lastKnownFileType = sourcecode.swift; path = SessionManager.swift; sourceTree = "<group>"; };
		D894B9F528D0EA4200ACB289 /* Model.swift */ = {isa = PBXFileReference; lastKnownFileType = sourcecode.swift; path = Model.swift; sourceTree = "<group>"; };
/* End PBXFileReference section */

/* Begin PBXFrameworksBuildPhase section */
		D894B9D128D0DE7200ACB289 /* Frameworks */ = {
			isa = PBXFrameworksBuildPhase;
			buildActionMask = 2147483647;
			files = (
			);
			runOnlyForDeploymentPostprocessing = 0;
		};
/* End PBXFrameworksBuildPhase section */

/* Begin PBXGroup section */
		D87E409528D245660050B5DF /* Model */ = {
			isa = PBXGroup;
			children = (
				D894B9F528D0EA4200ACB289 /* Model.swift */,
			);
			path = Model;
			sourceTree = "<group>";
		};
		D87E409E28D4D1A10050B5DF /* UIView */ = {
			isa = PBXGroup;
			children = (
				D894B9E228D0DE7400ACB289 /* LaunchScreen.storyboard */,
				D894B9ED28D0DF1500ACB289 /* CountriesViewController.xib */,
				D894B9EF28D0DF5D00ACB289 /* CountriesViewController.swift */,
				D87E409628D4C5020050B5DF /* CountryViewController.swift */,
				D87E409728D4C5020050B5DF /* CountryViewController.xib */,
				D87E409A28D4CE320050B5DF /* CountryView.swift */,
			);
			path = UIView;
			sourceTree = "<group>";
		};
		D87E409F28D4D1C10050B5DF /* Manager */ = {
			isa = PBXGroup;
			children = (
				D894B9F328D0E7CE00ACB289 /* SessionManager.swift */,
			);
			path = Manager;
			sourceTree = "<group>";
		};
		D894B9CB28D0DE7200ACB289 = {
			isa = PBXGroup;
			children = (
				D894B9D628D0DE7200ACB289 /* iCountries */,
				D894B9D528D0DE7200ACB289 /* Products */,
			);
			sourceTree = "<group>";
		};
		D894B9D528D0DE7200ACB289 /* Products */ = {
			isa = PBXGroup;
			children = (
				D894B9D428D0DE7200ACB289 /* iCountries.app */,
			);
			name = Products;
			sourceTree = "<group>";
		};
		D894B9D628D0DE7200ACB289 /* iCountries */ = {
			isa = PBXGroup;
			children = (
				D894B9D728D0DE7200ACB289 /* AppDelegate.swift */,
				D894B9D928D0DE7200ACB289 /* SceneDelegate.swift */,
				D87E409528D245660050B5DF /* Model */,
				D87E409E28D4D1A10050B5DF /* UIView */,
				D894B9E028D0DE7400ACB289 /* Assets.xcassets */,
				D894B9E528D0DE7400ACB289 /* Info.plist */,
				D894B9EB28D0DED100ACB289 /* WelcomeElement.swift */,
				D87E409F28D4D1C10050B5DF /* Manager */,
				D87E409C28D4D00F0050B5DF /* UIExtension.swift */,
			);
			path = iCountries;
			sourceTree = "<group>";
		};
/* End PBXGroup section */

/* Begin PBXNativeTarget section */
		D894B9D328D0DE7200ACB289 /* iCountries */ = {
			isa = PBXNativeTarget;
			buildConfigurationList = D894B9E828D0DE7400ACB289 /* Build configuration list for PBXNativeTarget "iCountries" */;
			buildPhases = (
				D894B9D028D0DE7200ACB289 /* Sources */,
				D894B9D128D0DE7200ACB289 /* Frameworks */,
				D894B9D228D0DE7200ACB289 /* Resources */,
			);
			buildRules = (
			);
			dependencies = (
			);
			name = iCountries;
			productName = iCountries;
			productReference = D894B9D428D0DE7200ACB289 /* iCountries.app */;
			productType = "com.apple.product-type.application";
		};
/* End PBXNativeTarget section */

/* Begin PBXProject section */
		D894B9CC28D0DE7200ACB289 /* Project object */ = {
			isa = PBXProject;
			attributes = {
				BuildIndependentTargetsInParallel = 1;
				LastSwiftUpdateCheck = 1340;
				LastUpgradeCheck = 1340;
				TargetAttributes = {
					D894B9D328D0DE7200ACB289 = {
						CreatedOnToolsVersion = 13.4.1;
					};
				};
			};
			buildConfigurationList = D894B9CF28D0DE7200ACB289 /* Build configuration list for PBXProject "iCountries" */;
			compatibilityVersion = "Xcode 13.0";
			developmentRegion = en;
			hasScannedForEncodings = 0;
			knownRegions = (
				en,
				Base,
			);
			mainGroup = D894B9CB28D0DE7200ACB289;
			productRefGroup = D894B9D528D0DE7200ACB289 /* Products */;
			projectDirPath = "";
			projectRoot = "";
			targets = (
				D894B9D328D0DE7200ACB289 /* iCountries */,
			);
		};
/* End PBXProject section */

/* Begin PBXResourcesBuildPhase section */
		D894B9D228D0DE7200ACB289 /* Resources */ = {
			isa = PBXResourcesBuildPhase;
			buildActionMask = 2147483647;
			files = (
				D894B9E428D0DE7400ACB289 /* LaunchScreen.storyboard in Resources */,
				D87E409928D4C5020050B5DF /* CountryViewController.xib in Resources */,
				D894B9E128D0DE7400ACB289 /* Assets.xcassets in Resources */,
				D894B9EE28D0DF1500ACB289 /* CountriesViewController.xib in Resources */,
			);
			runOnlyForDeploymentPostprocessing = 0;
		};
/* End PBXResourcesBuildPhase section */

/* Begin PBXSourcesBuildPhase section */
		D894B9D028D0DE7200ACB289 /* Sources */ = {
			isa = PBXSourcesBuildPhase;
			buildActionMask = 2147483647;
			files = (
				D894B9F628D0EA4200ACB289 /* Model.swift in Sources */,
				D87E409828D4C5020050B5DF /* CountryViewController.swift in Sources */,
				D894B9D828D0DE7200ACB289 /* AppDelegate.swift in Sources */,
				D87E409D28D4D00F0050B5DF /* UIExtension.swift in Sources */,
				D87E409B28D4CE320050B5DF /* CountryView.swift in Sources */,
				D894B9F428D0E7CE00ACB289 /* SessionManager.swift in Sources */,
				D894B9EC28D0DED100ACB289 /* WelcomeElement.swift in Sources */,
				D894B9DA28D0DE7200ACB289 /* SceneDelegate.swift in Sources */,
				D894B9F028D0DF5D00ACB289 /* CountriesViewController.swift in Sources */,
			);
			runOnlyForDeploymentPostprocessing = 0;
		};
/* End PBXSourcesBuildPhase section */

/* Begin PBXVariantGroup section */
		D894B9E228D0DE7400ACB289 /* LaunchScreen.storyboard */ = {
			isa = PBXVariantGroup;
			children = (
				D894B9E328D0DE7400ACB289 /* Base */,
			);
			name = LaunchScreen.storyboard;
			sourceTree = "<group>";
		};
/* End PBXVariantGroup section */

/* Begin XCBuildConfiguration section */
		D894B9E628D0DE7400ACB289 /* Debug */ = {
			isa = XCBuildConfiguration;
			buildSettings = {
				ALWAYS_SEARCH_USER_PATHS = NO;
				CLANG_ANALYZER_NONNULL = YES;
				CLANG_ANALYZER_NUMBER_OBJECT_CONVERSION = YES_AGGRESSIVE;
				CLANG_CXX_LANGUAGE_STANDARD = "gnu++17";
				CLANG_ENABLE_MODULES = YES;
				CLANG_ENABLE_OBJC_ARC = YES;
				CLANG_ENABLE_OBJC_WEAK = YES;
				CLANG_WARN_BLOCK_CAPTURE_AUTORELEASING = YES;
				CLANG_WARN_BOOL_CONVERSION = YES;
				CLANG_WARN_COMMA = YES;
				CLANG_WARN_CONSTANT_CONVERSION = YES;
				CLANG_WARN_DEPRECATED_OBJC_IMPLEMENTATIONS = YES;
				CLANG_WARN_DIRECT_OBJC_ISA_USAGE = YES_ERROR;
				CLANG_WARN_DOCUMENTATION_COMMENTS = YES;
				CLANG_WARN_EMPTY_BODY = YES;
				CLANG_WARN_ENUM_CONVERSION = YES;
				CLANG_WARN_INFINITE_RECURSION = YES;
				CLANG_WARN_INT_CONVERSION = YES;
				CLANG_WARN_NON_LITERAL_NULL_CONVERSION = YES;
				CLANG_WARN_OBJC_IMPLICIT_RETAIN_SELF = YES;
				CLANG_WARN_OBJC_LITERAL_CONVERSION = YES;
				CLANG_WARN_OBJC_ROOT_CLASS = YES_ERROR;
				CLANG_WARN_QUOTED_INCLUDE_IN_FRAMEWORK_HEADER = YES;
				CLANG_WARN_RANGE_LOOP_ANALYSIS = YES;
				CLANG_WARN_STRICT_PROTOTYPES = YES;
				CLANG_WARN_SUSPICIOUS_MOVE = YES;
				CLANG_WARN_UNGUARDED_AVAILABILITY = YES_AGGRESSIVE;
				CLANG_WARN_UNREACHABLE_CODE = YES;
				CLANG_WARN__DUPLICATE_METHOD_MATCH = YES;
				COPY_PHASE_STRIP = NO;
				DEBUG_INFORMATION_FORMAT = dwarf;
				ENABLE_STRICT_OBJC_MSGSEND = YES;
				ENABLE_TESTABILITY = YES;
				GCC_C_LANGUAGE_STANDARD = gnu11;
				GCC_DYNAMIC_NO_PIC = NO;
				GCC_NO_COMMON_BLOCKS = YES;
				GCC_OPTIMIZATION_LEVEL = 0;
				GCC_PREPROCESSOR_DEFINITIONS = (
					"DEBUG=1",
					"$(inherited)",
				);
				GCC_WARN_64_TO_32_BIT_CONVERSION = YES;
				GCC_WARN_ABOUT_RETURN_TYPE = YES_ERROR;
				GCC_WARN_UNDECLARED_SELECTOR = YES;
				GCC_WARN_UNINITIALIZED_AUTOS = YES_AGGRESSIVE;
				GCC_WARN_UNUSED_FUNCTION = YES;
				GCC_WARN_UNUSED_VARIABLE = YES;
				IPHONEOS_DEPLOYMENT_TARGET = 15.5;
				MTL_ENABLE_DEBUG_INFO = INCLUDE_SOURCE;
				MTL_FAST_MATH = YES;
				ONLY_ACTIVE_ARCH = YES;
				SDKROOT = iphoneos;
				SWIFT_ACTIVE_COMPILATION_CONDITIONS = DEBUG;
				SWIFT_OPTIMIZATION_LEVEL = "-Onone";
			};
			name = Debug;
		};
		D894B9E728D0DE7400ACB289 /* Release */ = {
			isa = XCBuildConfiguration;
			buildSettings = {
				ALWAYS_SEARCH_USER_PATHS = NO;
				CLANG_ANALYZER_NONNULL = YES;
				CLANG_ANALYZER_NUMBER_OBJECT_CONVERSION = YES_AGGRESSIVE;
				CLANG_CXX_LANGUAGE_STANDARD = "gnu++17";
				CLANG_ENABLE_MODULES = YES;
				CLANG_ENABLE_OBJC_ARC = YES;
				CLANG_ENABLE_OBJC_WEAK = YES;
				CLANG_WARN_BLOCK_CAPTURE_AUTORELEASING = YES;
				CLANG_WARN_BOOL_CONVERSION = YES;
				CLANG_WARN_COMMA = YES;
				CLANG_WARN_CONSTANT_CONVERSION = YES;
				CLANG_WARN_DEPRECATED_OBJC_IMPLEMENTATIONS = YES;
				CLANG_WARN_DIRECT_OBJC_ISA_USAGE = YES_ERROR;
				CLANG_WARN_DOCUMENTATION_COMMENTS = YES;
				CLANG_WARN_EMPTY_BODY = YES;
				CLANG_WARN_ENUM_CONVERSION = YES;
				CLANG_WARN_INFINITE_RECURSION = YES;
				CLANG_WARN_INT_CONVERSION = YES;
				CLANG_WARN_NON_LITERAL_NULL_CONVERSION = YES;
				CLANG_WARN_OBJC_IMPLICIT_RETAIN_SELF = YES;
				CLANG_WARN_OBJC_LITERAL_CONVERSION = YES;
				CLANG_WARN_OBJC_ROOT_CLASS = YES_ERROR;
				CLANG_WARN_QUOTED_INCLUDE_IN_FRAMEWORK_HEADER = YES;
				CLANG_WARN_RANGE_LOOP_ANALYSIS = YES;
				CLANG_WARN_STRICT_PROTOTYPES = YES;
				CLANG_WARN_SUSPICIOUS_MOVE = YES;
				CLANG_WARN_UNGUARDED_AVAILABILITY = YES_AGGRESSIVE;
				CLANG_WARN_UNREACHABLE_CODE = YES;
				CLANG_WARN__DUPLICATE_METHOD_MATCH = YES;
				COPY_PHASE_STRIP = NO;
				DEBUG_INFORMATION_FORMAT = "dwarf-with-dsym";
				ENABLE_NS_ASSERTIONS = NO;
				ENABLE_STRICT_OBJC_MSGSEND = YES;
				GCC_C_LANGUAGE_STANDARD = gnu11;
				GCC_NO_COMMON_BLOCKS = YES;
				GCC_WARN_64_TO_32_BIT_CONVERSION = YES;
				GCC_WARN_ABOUT_RETURN_TYPE = YES_ERROR;
				GCC_WARN_UNDECLARED_SELECTOR = YES;
				GCC_WARN_UNINITIALIZED_AUTOS = YES_AGGRESSIVE;
				GCC_WARN_UNUSED_FUNCTION = YES;
				GCC_WARN_UNUSED_VARIABLE = YES;
				IPHONEOS_DEPLOYMENT_TARGET = 15.5;
				MTL_ENABLE_DEBUG_INFO = NO;
				MTL_FAST_MATH = YES;
				SDKROOT = iphoneos;
				SWIFT_COMPILATION_MODE = wholemodule;
				SWIFT_OPTIMIZATION_LEVEL = "-O";
				VALIDATE_PRODUCT = YES;
			};
			name = Release;
		};
		D894B9E928D0DE7400ACB289 /* Debug */ = {
			isa = XCBuildConfiguration;
			buildSettings = {
				ASSETCATALOG_COMPILER_APPICON_NAME = AppIcon;
				ASSETCATALOG_COMPILER_GLOBAL_ACCENT_COLOR_NAME = AccentColor;
				CODE_SIGN_STYLE = Automatic;
				CURRENT_PROJECT_VERSION = 1;
				DEVELOPMENT_TEAM = 285RFT4HL7;
				GENERATE_INFOPLIST_FILE = YES;
				INFOPLIST_FILE = iCountries/Info.plist;
				INFOPLIST_KEY_UIApplicationSupportsIndirectInputEvents = YES;
				INFOPLIST_KEY_UILaunchStoryboardName = LaunchScreen;
				INFOPLIST_KEY_UISupportedInterfaceOrientations_iPad = "UIInterfaceOrientationPortrait UIInterfaceOrientationPortraitUpsideDown UIInterfaceOrientationLandscapeLeft UIInterfaceOrientationLandscapeRight";
				INFOPLIST_KEY_UISupportedInterfaceOrientations_iPhone = "UIInterfaceOrientationPortrait UIInterfaceOrientationLandscapeLeft UIInterfaceOrientationLandscapeRight";
				LD_RUNPATH_SEARCH_PATHS = (
					"$(inherited)",
					"@executable_path/Frameworks",
				);
				MARKETING_VERSION = 1.0;
				PRODUCT_BUNDLE_IDENTIFIER = alexshamrey.iCountries;
				PRODUCT_NAME = "$(TARGET_NAME)";
				SWIFT_EMIT_LOC_STRINGS = YES;
				SWIFT_VERSION = 5.0;
				TARGETED_DEVICE_FAMILY = "1,2";
			};
			name = Debug;
		};
		D894B9EA28D0DE7400ACB289 /* Release */ = {
			isa = XCBuildConfiguration;
			buildSettings = {
				ASSETCATALOG_COMPILER_APPICON_NAME = AppIcon;
				ASSETCATALOG_COMPILER_GLOBAL_ACCENT_COLOR_NAME = AccentColor;
				CODE_SIGN_STYLE = Automatic;
				CURRENT_PROJECT_VERSION = 1;
				DEVELOPMENT_TEAM = 285RFT4HL7;
				GENERATE_INFOPLIST_FILE = YES;
				INFOPLIST_FILE = iCountries/Info.plist;
				INFOPLIST_KEY_UIApplicationSupportsIndirectInputEvents = YES;
				INFOPLIST_KEY_UILaunchStoryboardName = LaunchScreen;
				INFOPLIST_KEY_UISupportedInterfaceOrientations_iPad = "UIInterfaceOrientationPortrait UIInterfaceOrientationPortraitUpsideDown UIInterfaceOrientationLandscapeLeft UIInterfaceOrientationLandscapeRight";
				INFOPLIST_KEY_UISupportedInterfaceOrientations_iPhone = "UIInterfaceOrientationPortrait UIInterfaceOrientationLandscapeLeft UIInterfaceOrientationLandscapeRight";
				LD_RUNPATH_SEARCH_PATHS = (
					"$(inherited)",
					"@executable_path/Frameworks",
				);
				MARKETING_VERSION = 1.0;
				PRODUCT_BUNDLE_IDENTIFIER = alexshamrey.iCountries;
				PRODUCT_NAME = "$(TARGET_NAME)";
				SWIFT_EMIT_LOC_STRINGS = YES;
				SWIFT_VERSION = 5.0;
				TARGETED_DEVICE_FAMILY = "1,2";
			};
			name = Release;
		};
/* End XCBuildConfiguration section */

/* Begin XCConfigurationList section */
		D894B9CF28D0DE7200ACB289 /* Build configuration list for PBXProject "iCountries" */ = {
			isa = XCConfigurationList;
			buildConfigurations = (
				D894B9E628D0DE7400ACB289 /* Debug */,
				D894B9E728D0DE7400ACB289 /* Release */,
			);
			defaultConfigurationIsVisible = 0;
			defaultConfigurationName = Release;
		};
		D894B9E828D0DE7400ACB289 /* Build configuration list for PBXNativeTarget "iCountries" */ = {
			isa = XCConfigurationList;
			buildConfigurations = (
				D894B9E928D0DE7400ACB289 /* Debug */,
				D894B9EA28D0DE7400ACB289 /* Release */,
			);
			defaultConfigurationIsVisible = 0;
			defaultConfigurationName = Release;
		};
/* End XCConfigurationList section */
	};
	rootObject = D894B9CC28D0DE7200ACB289 /* Project object */;
}
