// !$*UTF8*$!
{
	archiveVersion = 1;
	classes = {
	};
	objectVersion = 55;
	objects = {

/* Begin PBXBuildFile section */
		264F5CC2F51E9E237C9F5CFD /* Pods_iCountries.framework in Frameworks */ = {isa = PBXBuildFile; fileRef = ACB19A8C819317D11BB60A0C /* Pods_iCountries.framework */; };
		D82C8C1A28DCB1E80059795C /* MenuViewController.swift in Sources */ = {isa = PBXBuildFile; fileRef = D82C8C1828DCB1E80059795C /* MenuViewController.swift */; };
		D82C8C1B28DCB1E80059795C /* MenuViewController.xib in Resources */ = {isa = PBXBuildFile; fileRef = D82C8C1928DCB1E80059795C /* MenuViewController.xib */; };
		D82C8C1E28DDC5740059795C /* QuizViewController.swift in Sources */ = {isa = PBXBuildFile; fileRef = D82C8C1C28DDC5740059795C /* QuizViewController.swift */; };
		D82C8C1F28DDC5740059795C /* QuizViewController.xib in Resources */ = {isa = PBXBuildFile; fileRef = D82C8C1D28DDC5740059795C /* QuizViewController.xib */; };
		D83F128E28DF361F000D2859 /* QuizModel.swift in Sources */ = {isa = PBXBuildFile; fileRef = D83F128D28DF361F000D2859 /* QuizModel.swift */; };
		D85A0EB82909AA400093CA78 /* LoadTableViewCell.swift in Sources */ = {isa = PBXBuildFile; fileRef = D85A0EB62909AA400093CA78 /* LoadTableViewCell.swift */; };
		D85A0EB92909AA400093CA78 /* LoadTableViewCell.xib in Resources */ = {isa = PBXBuildFile; fileRef = D85A0EB72909AA400093CA78 /* LoadTableViewCell.xib */; };
		D87063B528D75B3E009F224A /* CountryTableViewCell.swift in Sources */ = {isa = PBXBuildFile; fileRef = D87063B328D75B3E009F224A /* CountryTableViewCell.swift */; };
		D87063B628D75B3E009F224A /* CountryTableViewCell.xib in Resources */ = {isa = PBXBuildFile; fileRef = D87063B428D75B3E009F224A /* CountryTableViewCell.xib */; };
		D875DF2228DE06B9009EDE1D /* QuizView.swift in Sources */ = {isa = PBXBuildFile; fileRef = D875DF2128DE06B9009EDE1D /* QuizView.swift */; };
		D87E409828D4C5020050B5DF /* CountryViewController.swift in Sources */ = {isa = PBXBuildFile; fileRef = D87E409628D4C5020050B5DF /* CountryViewController.swift */; };
		D87E409928D4C5020050B5DF /* CountryViewController.xib in Resources */ = {isa = PBXBuildFile; fileRef = D87E409728D4C5020050B5DF /* CountryViewController.xib */; };
		D87E409B28D4CE320050B5DF /* CountryView.swift in Sources */ = {isa = PBXBuildFile; fileRef = D87E409A28D4CE320050B5DF /* CountryView.swift */; };
		D87E409D28D4D00F0050B5DF /* UIExtension.swift in Sources */ = {isa = PBXBuildFile; fileRef = D87E409C28D4D00F0050B5DF /* UIExtension.swift */; };
		D886025928E9DF490040F1C2 /* AlertView.xib in Resources */ = {isa = PBXBuildFile; fileRef = D886025828E9DF490040F1C2 /* AlertView.xib */; };
		D886025B28E9E2E50040F1C2 /* AlertView.swift in Sources */ = {isa = PBXBuildFile; fileRef = D886025A28E9E2E50040F1C2 /* AlertView.swift */; };
		D894B9D828D0DE7200ACB289 /* AppDelegate.swift in Sources */ = {isa = PBXBuildFile; fileRef = D894B9D728D0DE7200ACB289 /* AppDelegate.swift */; };
		D894B9DA28D0DE7200ACB289 /* SceneDelegate.swift in Sources */ = {isa = PBXBuildFile; fileRef = D894B9D928D0DE7200ACB289 /* SceneDelegate.swift */; };
		D894B9E128D0DE7400ACB289 /* Assets.xcassets in Resources */ = {isa = PBXBuildFile; fileRef = D894B9E028D0DE7400ACB289 /* Assets.xcassets */; };
		D894B9E428D0DE7400ACB289 /* LaunchScreen.storyboard in Resources */ = {isa = PBXBuildFile; fileRef = D894B9E228D0DE7400ACB289 /* LaunchScreen.storyboard */; };
		D894B9EC28D0DED100ACB289 /* WelcomeElement.swift in Sources */ = {isa = PBXBuildFile; fileRef = D894B9EB28D0DED100ACB289 /* WelcomeElement.swift */; };
		D894B9EE28D0DF1500ACB289 /* CountriesViewController.xib in Resources */ = {isa = PBXBuildFile; fileRef = D894B9ED28D0DF1500ACB289 /* CountriesViewController.xib */; };
		D894B9F028D0DF5D00ACB289 /* CountriesViewController.swift in Sources */ = {isa = PBXBuildFile; fileRef = D894B9EF28D0DF5D00ACB289 /* CountriesViewController.swift */; };
		D894B9F428D0E7CE00ACB289 /* SessionManager.swift in Sources */ = {isa = PBXBuildFile; fileRef = D894B9F328D0E7CE00ACB289 /* SessionManager.swift */; };
		D894B9F628D0EA4200ACB289 /* ShowCountryModel.swift in Sources */ = {isa = PBXBuildFile; fileRef = D894B9F528D0EA4200ACB289 /* ShowCountryModel.swift */; };
		D898CD2B28DF63B7000C5024 /* TimeManager.swift in Sources */ = {isa = PBXBuildFile; fileRef = D898CD2A28DF63B7000C5024 /* TimeManager.swift */; };
		D8AFED7C2903ECE10043CC88 /* Podfile in Resources */ = {isa = PBXBuildFile; fileRef = D8AFED7B2903ECE10043CC88 /* Podfile */; };
		D8B813172900908600C368C1 /* Kingfisher in Frameworks */ = {isa = PBXBuildFile; productRef = D8B813162900908600C368C1 /* Kingfisher */; };
		D8E237D428F009FB00935484 /* Protocols.swift in Sources */ = {isa = PBXBuildFile; fileRef = D8E237D328F009FB00935484 /* Protocols.swift */; };
/* End PBXBuildFile section */

/* Begin PBXFileReference section */
		5ADE583AC6DF207018AC0AEB /* Pods-iCountries.debug.xcconfig */ = {isa = PBXFileReference; includeInIndex = 1; lastKnownFileType = text.xcconfig; name = "Pods-iCountries.debug.xcconfig"; path = "Target Support Files/Pods-iCountries/Pods-iCountries.debug.xcconfig"; sourceTree = "<group>"; };
		9E1FAC2BD99BEFFA363F41D3 /* Pods-iCountries.release.xcconfig */ = {isa = PBXFileReference; includeInIndex = 1; lastKnownFileType = text.xcconfig; name = "Pods-iCountries.release.xcconfig"; path = "Target Support Files/Pods-iCountries/Pods-iCountries.release.xcconfig"; sourceTree = "<group>"; };
		ACB19A8C819317D11BB60A0C /* Pods_iCountries.framework */ = {isa = PBXFileReference; explicitFileType = wrapper.framework; includeInIndex = 0; path = Pods_iCountries.framework; sourceTree = BUILT_PRODUCTS_DIR; };
		D82C8C1828DCB1E80059795C /* MenuViewController.swift */ = {isa = PBXFileReference; lastKnownFileType = sourcecode.swift; path = MenuViewController.swift; sourceTree = "<group>"; };
		D82C8C1928DCB1E80059795C /* MenuViewController.xib */ = {isa = PBXFileReference; lastKnownFileType = file.xib; path = MenuViewController.xib; sourceTree = "<group>"; };
		D82C8C1C28DDC5740059795C /* QuizViewController.swift */ = {isa = PBXFileReference; lastKnownFileType = sourcecode.swift; path = QuizViewController.swift; sourceTree = "<group>"; };
		D82C8C1D28DDC5740059795C /* QuizViewController.xib */ = {isa = PBXFileReference; lastKnownFileType = file.xib; path = QuizViewController.xib; sourceTree = "<group>"; };
		D83F128D28DF361F000D2859 /* QuizModel.swift */ = {isa = PBXFileReference; lastKnownFileType = sourcecode.swift; path = QuizModel.swift; sourceTree = "<group>"; };
		D85A0EB62909AA400093CA78 /* LoadTableViewCell.swift */ = {isa = PBXFileReference; lastKnownFileType = sourcecode.swift; path = LoadTableViewCell.swift; sourceTree = "<group>"; };
		D85A0EB72909AA400093CA78 /* LoadTableViewCell.xib */ = {isa = PBXFileReference; lastKnownFileType = file.xib; path = LoadTableViewCell.xib; sourceTree = "<group>"; };
		D87063B328D75B3E009F224A /* CountryTableViewCell.swift */ = {isa = PBXFileReference; lastKnownFileType = sourcecode.swift; path = CountryTableViewCell.swift; sourceTree = "<group>"; };
		D87063B428D75B3E009F224A /* CountryTableViewCell.xib */ = {isa = PBXFileReference; lastKnownFileType = file.xib; path = CountryTableViewCell.xib; sourceTree = "<group>"; };
		D875DF2128DE06B9009EDE1D /* QuizView.swift */ = {isa = PBXFileReference; lastKnownFileType = sourcecode.swift; path = QuizView.swift; sourceTree = "<group>"; };
		D87E409628D4C5020050B5DF /* CountryViewController.swift */ = {isa = PBXFileReference; lastKnownFileType = sourcecode.swift; path = CountryViewController.swift; sourceTree = "<group>"; };
		D87E409728D4C5020050B5DF /* CountryViewController.xib */ = {isa = PBXFileReference; lastKnownFileType = file.xib; path = CountryViewController.xib; sourceTree = "<group>"; };
		D87E409A28D4CE320050B5DF /* CountryView.swift */ = {isa = PBXFileReference; lastKnownFileType = sourcecode.swift; path = CountryView.swift; sourceTree = "<group>"; };
		D87E409C28D4D00F0050B5DF /* UIExtension.swift */ = {isa = PBXFileReference; lastKnownFileType = sourcecode.swift; path = UIExtension.swift; sourceTree = "<group>"; };
		D886025828E9DF490040F1C2 /* AlertView.xib */ = {isa = PBXFileReference; lastKnownFileType = file.xib; path = AlertView.xib; sourceTree = "<group>"; };
		D886025A28E9E2E50040F1C2 /* AlertView.swift */ = {isa = PBXFileReference; lastKnownFileType = sourcecode.swift; path = AlertView.swift; sourceTree = "<group>"; };
		D894B9D428D0DE7200ACB289 /* iCountries.app */ = {isa = PBXFileReference; explicitFileType = wrapper.application; includeInIndex = 0; path = iCountries.app; sourceTree = BUILT_PRODUCTS_DIR; };
		D894B9D728D0DE7200ACB289 /* AppDelegate.swift */ = {isa = PBXFileReference; lastKnownFileType = sourcecode.swift; path = AppDelegate.swift; sourceTree = "<group>"; };
		D894B9D928D0DE7200ACB289 /* SceneDelegate.swift */ = {isa = PBXFileReference; lastKnownFileType = sourcecode.swift; path = SceneDelegate.swift; sourceTree = "<group>"; };
		D894B9E028D0DE7400ACB289 /* Assets.xcassets */ = {isa = PBXFileReference; lastKnownFileType = folder.assetcatalog; path = Assets.xcassets; sourceTree = "<group>"; };
		D894B9E328D0DE7400ACB289 /* Base */ = {isa = PBXFileReference; lastKnownFileType = file.storyboard; name = Base; path = Base.lproj/LaunchScreen.storyboard; sourceTree = "<group>"; };
		D894B9E528D0DE7400ACB289 /* Info.plist */ = {isa = PBXFileReference; lastKnownFileType = text.plist.xml; path = Info.plist; sourceTree = "<group>"; };
		D894B9EB28D0DED100ACB289 /* WelcomeElement.swift */ = {isa = PBXFileReference; lastKnownFileType = sourcecode.swift; path = WelcomeElement.swift; sourceTree = "<group>"; };
		D894B9ED28D0DF1500ACB289 /* CountriesViewController.xib */ = {isa = PBXFileReference; lastKnownFileType = file.xib; path = CountriesViewController.xib; sourceTree = "<group>"; };
		D894B9EF28D0DF5D00ACB289 /* CountriesViewController.swift */ = {isa = PBXFileReference; lastKnownFileType = sourcecode.swift; path = CountriesViewController.swift; sourceTree = "<group>"; };
		D894B9F328D0E7CE00ACB289 /* SessionManager.swift */ = {isa = PBXFileReference; lastKnownFileType = sourcecode.swift; path = SessionManager.swift; sourceTree = "<group>"; };
		D894B9F528D0EA4200ACB289 /* ShowCountryModel.swift */ = {isa = PBXFileReference; lastKnownFileType = sourcecode.swift; path = ShowCountryModel.swift; sourceTree = "<group>"; };
		D898CD2A28DF63B7000C5024 /* TimeManager.swift */ = {isa = PBXFileReference; lastKnownFileType = sourcecode.swift; path = TimeManager.swift; sourceTree = "<group>"; };
		D8AFED7B2903ECE10043CC88 /* Podfile */ = {isa = PBXFileReference; lastKnownFileType = text; path = Podfile; sourceTree = "<group>"; };
		D8E237D328F009FB00935484 /* Protocols.swift */ = {isa = PBXFileReference; lastKnownFileType = sourcecode.swift; path = Protocols.swift; sourceTree = "<group>"; };
/* End PBXFileReference section */

/* Begin PBXFrameworksBuildPhase section */
		D894B9D128D0DE7200ACB289 /* Frameworks */ = {
			isa = PBXFrameworksBuildPhase;
			buildActionMask = 2147483647;
			files = (
				D8B813172900908600C368C1 /* Kingfisher in Frameworks */,
				264F5CC2F51E9E237C9F5CFD /* Pods_iCountries.framework in Frameworks */,
			);
			runOnlyForDeploymentPostprocessing = 0;
		};
/* End PBXFrameworksBuildPhase section */

/* Begin PBXGroup section */
		2B5AD36CD1564FAF972BCC59 /* Pods */ = {
			isa = PBXGroup;
			children = (
				5ADE583AC6DF207018AC0AEB /* Pods-iCountries.debug.xcconfig */,
				9E1FAC2BD99BEFFA363F41D3 /* Pods-iCountries.release.xcconfig */,
			);
			path = Pods;
			sourceTree = "<group>";
		};
		8E9B27C3B5FFC0A1BCAB4D48 /* Frameworks */ = {
			isa = PBXGroup;
			children = (
				ACB19A8C819317D11BB60A0C /* Pods_iCountries.framework */,
			);
			name = Frameworks;
			sourceTree = "<group>";
		};
		D87E409528D245660050B5DF /* Model */ = {
			isa = PBXGroup;
			children = (
				D894B9F528D0EA4200ACB289 /* ShowCountryModel.swift */,
				D83F128D28DF361F000D2859 /* QuizModel.swift */,
			);
			path = Model;
			sourceTree = "<group>";
		};
		D87E409E28D4D1A10050B5DF /* UIView */ = {
			isa = PBXGroup;
			children = (
				D82C8C1928DCB1E80059795C /* MenuViewController.xib */,
				D87063B428D75B3E009F224A /* CountryTableViewCell.xib */,
				D894B9E228D0DE7400ACB289 /* LaunchScreen.storyboard */,
				D894B9ED28D0DF1500ACB289 /* CountriesViewController.xib */,
				D87E409728D4C5020050B5DF /* CountryViewController.xib */,
				D82C8C1D28DDC5740059795C /* QuizViewController.xib */,
				D87063B328D75B3E009F224A /* CountryTableViewCell.swift */,
				D82C8C1828DCB1E80059795C /* MenuViewController.swift */,
				D894B9EF28D0DF5D00ACB289 /* CountriesViewController.swift */,
				D87E409628D4C5020050B5DF /* CountryViewController.swift */,
				D87E409A28D4CE320050B5DF /* CountryView.swift */,
				D82C8C1C28DDC5740059795C /* QuizViewController.swift */,
				D875DF2128DE06B9009EDE1D /* QuizView.swift */,
				D886025828E9DF490040F1C2 /* AlertView.xib */,
				D886025A28E9E2E50040F1C2 /* AlertView.swift */,
				D85A0EB62909AA400093CA78 /* LoadTableViewCell.swift */,
				D85A0EB72909AA400093CA78 /* LoadTableViewCell.xib */,
			);
			path = UIView;
			sourceTree = "<group>";
		};
		D87E409F28D4D1C10050B5DF /* Manager */ = {
			isa = PBXGroup;
			children = (
				D894B9F328D0E7CE00ACB289 /* SessionManager.swift */,
				D898CD2A28DF63B7000C5024 /* TimeManager.swift */,
			);
			path = Manager;
			sourceTree = "<group>";
		};
		D894B9CB28D0DE7200ACB289 = {
			isa = PBXGroup;
			children = (
				D8AFED7B2903ECE10043CC88 /* Podfile */,
				D894B9D628D0DE7200ACB289 /* iCountries */,
				D894B9D528D0DE7200ACB289 /* Products */,
				2B5AD36CD1564FAF972BCC59 /* Pods */,
				8E9B27C3B5FFC0A1BCAB4D48 /* Frameworks */,
			);
			sourceTree = "<group>";
		};
		D894B9D528D0DE7200ACB289 /* Products */ = {
			isa = PBXGroup;
			children = (
				D894B9D428D0DE7200ACB289 /* iCountries.app */,
			);
			name = Products;
			sourceTree = "<group>";
		};
		D894B9D628D0DE7200ACB289 /* iCountries */ = {
			isa = PBXGroup;
			children = (
				D894B9D728D0DE7200ACB289 /* AppDelegate.swift */,
				D894B9D928D0DE7200ACB289 /* SceneDelegate.swift */,
				D87E409528D245660050B5DF /* Model */,
				D87E409E28D4D1A10050B5DF /* UIView */,
				D894B9E028D0DE7400ACB289 /* Assets.xcassets */,
				D894B9E528D0DE7400ACB289 /* Info.plist */,
				D894B9EB28D0DED100ACB289 /* WelcomeElement.swift */,
				D87E409F28D4D1C10050B5DF /* Manager */,
				D87E409C28D4D00F0050B5DF /* UIExtension.swift */,
				D8E237D328F009FB00935484 /* Protocols.swift */,
			);
			path = iCountries;
			sourceTree = "<group>";
		};
/* End PBXGroup section */

/* Begin PBXNativeTarget section */
		D894B9D328D0DE7200ACB289 /* iCountries */ = {
			isa = PBXNativeTarget;
			buildConfigurationList = D894B9E828D0DE7400ACB289 /* Build configuration list for PBXNativeTarget "iCountries" */;
			buildPhases = (
				D0D4E599F5F095DDAACB7880 /* [CP] Check Pods Manifest.lock */,
				D894B9D028D0DE7200ACB289 /* Sources */,
				D894B9D128D0DE7200ACB289 /* Frameworks */,
				D894B9D228D0DE7200ACB289 /* Resources */,
				54AE064D337DBC0C74CBE6E0 /* [CP] Embed Pods Frameworks */,
			);
			buildRules = (
			);
			dependencies = (
			);
			name = iCountries;
			packageProductDependencies = (
				D8B813162900908600C368C1 /* Kingfisher */,
			);
			productName = iCountries;
			productReference = D894B9D428D0DE7200ACB289 /* iCountries.app */;
			productType = "com.apple.product-type.application";
		};
/* End PBXNativeTarget section */

/* Begin PBXProject section */
		D894B9CC28D0DE7200ACB289 /* Project object */ = {
			isa = PBXProject;
			attributes = {
				BuildIndependentTargetsInParallel = 1;
				LastSwiftUpdateCheck = 1340;
				LastUpgradeCheck = 1340;
				TargetAttributes = {
					D894B9D328D0DE7200ACB289 = {
						CreatedOnToolsVersion = 13.4.1;
					};
				};
			};
			buildConfigurationList = D894B9CF28D0DE7200ACB289 /* Build configuration list for PBXProject "iCountries" */;
			compatibilityVersion = "Xcode 13.0";
			developmentRegion = en;
			hasScannedForEncodings = 0;
			knownRegions = (
				en,
				Base,
			);
			mainGroup = D894B9CB28D0DE7200ACB289;
			packageReferences = (
				D8B813152900908600C368C1 /* XCRemoteSwiftPackageReference "Kingfisher" */,
			);
			productRefGroup = D894B9D528D0DE7200ACB289 /* Products */;
			projectDirPath = "";
			projectRoot = "";
			targets = (
				D894B9D328D0DE7200ACB289 /* iCountries */,
			);
		};
/* End PBXProject section */

/* Begin PBXResourcesBuildPhase section */
		D894B9D228D0DE7200ACB289 /* Resources */ = {
			isa = PBXResourcesBuildPhase;
			buildActionMask = 2147483647;
			files = (
				D894B9E428D0DE7400ACB289 /* LaunchScreen.storyboard in Resources */,
				D886025928E9DF490040F1C2 /* AlertView.xib in Resources */,
				D82C8C1B28DCB1E80059795C /* MenuViewController.xib in Resources */,
				D85A0EB92909AA400093CA78 /* LoadTableViewCell.xib in Resources */,
				D87E409928D4C5020050B5DF /* CountryViewController.xib in Resources */,
				D894B9E128D0DE7400ACB289 /* Assets.xcassets in Resources */,
				D82C8C1F28DDC5740059795C /* QuizViewController.xib in Resources */,
				D8AFED7C2903ECE10043CC88 /* Podfile in Resources */,
				D894B9EE28D0DF1500ACB289 /* CountriesViewController.xib in Resources */,
				D87063B628D75B3E009F224A /* CountryTableViewCell.xib in Resources */,
			);
			runOnlyForDeploymentPostprocessing = 0;
		};
/* End PBXResourcesBuildPhase section */

/* Begin PBXShellScriptBuildPhase section */
		54AE064D337DBC0C74CBE6E0 /* [CP] Embed Pods Frameworks */ = {
			isa = PBXShellScriptBuildPhase;
			buildActionMask = 2147483647;
			files = (
			);
			inputFileListPaths = (
				"${PODS_ROOT}/Target Support Files/Pods-iCountries/Pods-iCountries-frameworks-${CONFIGURATION}-input-files.xcfilelist",
			);
			name = "[CP] Embed Pods Frameworks";
			outputFileListPaths = (
				"${PODS_ROOT}/Target Support Files/Pods-iCountries/Pods-iCountries-frameworks-${CONFIGURATION}-output-files.xcfilelist",
			);
			runOnlyForDeploymentPostprocessing = 0;
			shellPath = /bin/sh;
			shellScript = "\"${PODS_ROOT}/Target Support Files/Pods-iCountries/Pods-iCountries-frameworks.sh\"\n";
			showEnvVarsInLog = 0;
		};
		D0D4E599F5F095DDAACB7880 /* [CP] Check Pods Manifest.lock */ = {
			isa = PBXShellScriptBuildPhase;
			buildActionMask = 2147483647;
			files = (
			);
			inputFileListPaths = (
			);
			inputPaths = (
				"${PODS_PODFILE_DIR_PATH}/Podfile.lock",
				"${PODS_ROOT}/Manifest.lock",
			);
			name = "[CP] Check Pods Manifest.lock";
			outputFileListPaths = (
			);
			outputPaths = (
				"$(DERIVED_FILE_DIR)/Pods-iCountries-checkManifestLockResult.txt",
			);
			runOnlyForDeploymentPostprocessing = 0;
			shellPath = /bin/sh;
			shellScript = "diff \"${PODS_PODFILE_DIR_PATH}/Podfile.lock\" \"${PODS_ROOT}/Manifest.lock\" > /dev/null\nif [ $? != 0 ] ; then\n    # print error to STDERR\n    echo \"error: The sandbox is not in sync with the Podfile.lock. Run 'pod install' or update your CocoaPods installation.\" >&2\n    exit 1\nfi\n# This output is used by Xcode 'outputs' to avoid re-running this script phase.\necho \"SUCCESS\" > \"${SCRIPT_OUTPUT_FILE_0}\"\n";
			showEnvVarsInLog = 0;
		};
/* End PBXShellScriptBuildPhase section */

/* Begin PBXSourcesBuildPhase section */
		D894B9D028D0DE7200ACB289 /* Sources */ = {
			isa = PBXSourcesBuildPhase;
			buildActionMask = 2147483647;
			files = (
				D894B9F628D0EA4200ACB289 /* ShowCountryModel.swift in Sources */,
				D87E409828D4C5020050B5DF /* CountryViewController.swift in Sources */,
				D894B9D828D0DE7200ACB289 /* AppDelegate.swift in Sources */,
				D82C8C1E28DDC5740059795C /* QuizViewController.swift in Sources */,
				D875DF2228DE06B9009EDE1D /* QuizView.swift in Sources */,
				D87E409D28D4D00F0050B5DF /* UIExtension.swift in Sources */,
				D82C8C1A28DCB1E80059795C /* MenuViewController.swift in Sources */,
				D87063B528D75B3E009F224A /* CountryTableViewCell.swift in Sources */,
				D898CD2B28DF63B7000C5024 /* TimeManager.swift in Sources */,
				D87E409B28D4CE320050B5DF /* CountryView.swift in Sources */,
				D894B9F428D0E7CE00ACB289 /* SessionManager.swift in Sources */,
				D894B9EC28D0DED100ACB289 /* WelcomeElement.swift in Sources */,
				D894B9DA28D0DE7200ACB289 /* SceneDelegate.swift in Sources */,
				D886025B28E9E2E50040F1C2 /* AlertView.swift in Sources */,
				D83F128E28DF361F000D2859 /* QuizModel.swift in Sources */,
				D85A0EB82909AA400093CA78 /* LoadTableViewCell.swift in Sources */,
				D8E237D428F009FB00935484 /* Protocols.swift in Sources */,
				D894B9F028D0DF5D00ACB289 /* CountriesViewController.swift in Sources */,
			);
			runOnlyForDeploymentPostprocessing = 0;
		};
/* End PBXSourcesBuildPhase section */

/* Begin PBXVariantGroup section */
		D894B9E228D0DE7400ACB289 /* LaunchScreen.storyboard */ = {
			isa = PBXVariantGroup;
			children = (
				D894B9E328D0DE7400ACB289 /* Base */,
			);
			name = LaunchScreen.storyboard;
			sourceTree = "<group>";
		};
/* End PBXVariantGroup section */

/* Begin XCBuildConfiguration section */
		D894B9E628D0DE7400ACB289 /* Debug */ = {
			isa = XCBuildConfiguration;
			buildSettings = {
				ALWAYS_SEARCH_USER_PATHS = NO;
				CLANG_ANALYZER_NONNULL = YES;
				CLANG_ANALYZER_NUMBER_OBJECT_CONVERSION = YES_AGGRESSIVE;
				CLANG_CXX_LANGUAGE_STANDARD = "gnu++17";
				CLANG_ENABLE_MODULES = YES;
				CLANG_ENABLE_OBJC_ARC = YES;
				CLANG_ENABLE_OBJC_WEAK = YES;
				CLANG_WARN_BLOCK_CAPTURE_AUTORELEASING = YES;
				CLANG_WARN_BOOL_CONVERSION = YES;
				CLANG_WARN_COMMA = YES;
				CLANG_WARN_CONSTANT_CONVERSION = YES;
				CLANG_WARN_DEPRECATED_OBJC_IMPLEMENTATIONS = YES;
				CLANG_WARN_DIRECT_OBJC_ISA_USAGE = YES_ERROR;
				CLANG_WARN_DOCUMENTATION_COMMENTS = YES;
				CLANG_WARN_EMPTY_BODY = YES;
				CLANG_WARN_ENUM_CONVERSION = YES;
				CLANG_WARN_INFINITE_RECURSION = YES;
				CLANG_WARN_INT_CONVERSION = YES;
				CLANG_WARN_NON_LITERAL_NULL_CONVERSION = YES;
				CLANG_WARN_OBJC_IMPLICIT_RETAIN_SELF = YES;
				CLANG_WARN_OBJC_LITERAL_CONVERSION = YES;
				CLANG_WARN_OBJC_ROOT_CLASS = YES_ERROR;
				CLANG_WARN_QUOTED_INCLUDE_IN_FRAMEWORK_HEADER = YES;
				CLANG_WARN_RANGE_LOOP_ANALYSIS = YES;
				CLANG_WARN_STRICT_PROTOTYPES = YES;
				CLANG_WARN_SUSPICIOUS_MOVE = YES;
				CLANG_WARN_UNGUARDED_AVAILABILITY = YES_AGGRESSIVE;
				CLANG_WARN_UNREACHABLE_CODE = YES;
				CLANG_WARN__DUPLICATE_METHOD_MATCH = YES;
				COPY_PHASE_STRIP = NO;
				DEBUG_INFORMATION_FORMAT = dwarf;
				ENABLE_STRICT_OBJC_MSGSEND = YES;
				ENABLE_TESTABILITY = YES;
				GCC_C_LANGUAGE_STANDARD = gnu11;
				GCC_DYNAMIC_NO_PIC = NO;
				GCC_NO_COMMON_BLOCKS = YES;
				GCC_OPTIMIZATION_LEVEL = 0;
				GCC_PREPROCESSOR_DEFINITIONS = (
					"DEBUG=1",
					"$(inherited)",
				);
				GCC_WARN_64_TO_32_BIT_CONVERSION = YES;
				GCC_WARN_ABOUT_RETURN_TYPE = YES_ERROR;
				GCC_WARN_UNDECLARED_SELECTOR = YES;
				GCC_WARN_UNINITIALIZED_AUTOS = YES_AGGRESSIVE;
				GCC_WARN_UNUSED_FUNCTION = YES;
				GCC_WARN_UNUSED_VARIABLE = YES;
				IPHONEOS_DEPLOYMENT_TARGET = 15.5;
				MTL_ENABLE_DEBUG_INFO = INCLUDE_SOURCE;
				MTL_FAST_MATH = YES;
				ONLY_ACTIVE_ARCH = YES;
				SDKROOT = iphoneos;
				SWIFT_ACTIVE_COMPILATION_CONDITIONS = DEBUG;
				SWIFT_OPTIMIZATION_LEVEL = "-Onone";
			};
			name = Debug;
		};
		D894B9E728D0DE7400ACB289 /* Release */ = {
			isa = XCBuildConfiguration;
			buildSettings = {
				ALWAYS_SEARCH_USER_PATHS = NO;
				CLANG_ANALYZER_NONNULL = YES;
				CLANG_ANALYZER_NUMBER_OBJECT_CONVERSION = YES_AGGRESSIVE;
				CLANG_CXX_LANGUAGE_STANDARD = "gnu++17";
				CLANG_ENABLE_MODULES = YES;
				CLANG_ENABLE_OBJC_ARC = YES;
				CLANG_ENABLE_OBJC_WEAK = YES;
				CLANG_WARN_BLOCK_CAPTURE_AUTORELEASING = YES;
				CLANG_WARN_BOOL_CONVERSION = YES;
				CLANG_WARN_COMMA = YES;
				CLANG_WARN_CONSTANT_CONVERSION = YES;
				CLANG_WARN_DEPRECATED_OBJC_IMPLEMENTATIONS = YES;
				CLANG_WARN_DIRECT_OBJC_ISA_USAGE = YES_ERROR;
				CLANG_WARN_DOCUMENTATION_COMMENTS = YES;
				CLANG_WARN_EMPTY_BODY = YES;
				CLANG_WARN_ENUM_CONVERSION = YES;
				CLANG_WARN_INFINITE_RECURSION = YES;
				CLANG_WARN_INT_CONVERSION = YES;
				CLANG_WARN_NON_LITERAL_NULL_CONVERSION = YES;
				CLANG_WARN_OBJC_IMPLICIT_RETAIN_SELF = YES;
				CLANG_WARN_OBJC_LITERAL_CONVERSION = YES;
				CLANG_WARN_OBJC_ROOT_CLASS = YES_ERROR;
				CLANG_WARN_QUOTED_INCLUDE_IN_FRAMEWORK_HEADER = YES;
				CLANG_WARN_RANGE_LOOP_ANALYSIS = YES;
				CLANG_WARN_STRICT_PROTOTYPES = YES;
				CLANG_WARN_SUSPICIOUS_MOVE = YES;
				CLANG_WARN_UNGUARDED_AVAILABILITY = YES_AGGRESSIVE;
				CLANG_WARN_UNREACHABLE_CODE = YES;
				CLANG_WARN__DUPLICATE_METHOD_MATCH = YES;
				COPY_PHASE_STRIP = NO;
				DEBUG_INFORMATION_FORMAT = "dwarf-with-dsym";
				ENABLE_NS_ASSERTIONS = NO;
				ENABLE_STRICT_OBJC_MSGSEND = YES;
				GCC_C_LANGUAGE_STANDARD = gnu11;
				GCC_NO_COMMON_BLOCKS = YES;
				GCC_WARN_64_TO_32_BIT_CONVERSION = YES;
				GCC_WARN_ABOUT_RETURN_TYPE = YES_ERROR;
				GCC_WARN_UNDECLARED_SELECTOR = YES;
				GCC_WARN_UNINITIALIZED_AUTOS = YES_AGGRESSIVE;
				GCC_WARN_UNUSED_FUNCTION = YES;
				GCC_WARN_UNUSED_VARIABLE = YES;
				IPHONEOS_DEPLOYMENT_TARGET = 15.5;
				MTL_ENABLE_DEBUG_INFO = NO;
				MTL_FAST_MATH = YES;
				SDKROOT = iphoneos;
				SWIFT_COMPILATION_MODE = wholemodule;
				SWIFT_OPTIMIZATION_LEVEL = "-O";
				VALIDATE_PRODUCT = YES;
			};
			name = Release;
		};
		D894B9E928D0DE7400ACB289 /* Debug */ = {
			isa = XCBuildConfiguration;
			baseConfigurationReference = 5ADE583AC6DF207018AC0AEB /* Pods-iCountries.debug.xcconfig */;
			buildSettings = {
				ASSETCATALOG_COMPILER_APPICON_NAME = AppIcon;
				ASSETCATALOG_COMPILER_GLOBAL_ACCENT_COLOR_NAME = AccentColor;
				CODE_SIGN_STYLE = Automatic;
				CURRENT_PROJECT_VERSION = 1;
				DEVELOPMENT_TEAM = 285RFT4HL7;
				GENERATE_INFOPLIST_FILE = YES;
				INFOPLIST_FILE = iCountries/Info.plist;
				INFOPLIST_KEY_UIApplicationSupportsIndirectInputEvents = YES;
				INFOPLIST_KEY_UILaunchStoryboardName = LaunchScreen;
				INFOPLIST_KEY_UISupportedInterfaceOrientations = UIInterfaceOrientationPortrait;
				IPHONEOS_DEPLOYMENT_TARGET = 14.0;
				LD_RUNPATH_SEARCH_PATHS = (
					"$(inherited)",
					"@executable_path/Frameworks",
				);
				MARKETING_VERSION = 1.0;
				PRODUCT_BUNDLE_IDENTIFIER = alexshamrey.iCountries;
				PRODUCT_NAME = "$(TARGET_NAME)";
				SWIFT_EMIT_LOC_STRINGS = YES;
				SWIFT_VERSION = 5.0;
				TARGETED_DEVICE_FAMILY = "1,2";
			};
			name = Debug;
		};
		D894B9EA28D0DE7400ACB289 /* Release */ = {
			isa = XCBuildConfiguration;
			baseConfigurationReference = 9E1FAC2BD99BEFFA363F41D3 /* Pods-iCountries.release.xcconfig */;
			buildSettings = {
				ASSETCATALOG_COMPILER_APPICON_NAME = AppIcon;
				ASSETCATALOG_COMPILER_GLOBAL_ACCENT_COLOR_NAME = AccentColor;
				CODE_SIGN_STYLE = Automatic;
				CURRENT_PROJECT_VERSION = 1;
				DEVELOPMENT_TEAM = 285RFT4HL7;
				GENERATE_INFOPLIST_FILE = YES;
				INFOPLIST_FILE = iCountries/Info.plist;
				INFOPLIST_KEY_UIApplicationSupportsIndirectInputEvents = YES;
				INFOPLIST_KEY_UILaunchStoryboardName = LaunchScreen;
				INFOPLIST_KEY_UISupportedInterfaceOrientations = UIInterfaceOrientationPortrait;
				IPHONEOS_DEPLOYMENT_TARGET = 14.0;
				LD_RUNPATH_SEARCH_PATHS = (
					"$(inherited)",
					"@executable_path/Frameworks",
				);
				MARKETING_VERSION = 1.0;
				PRODUCT_BUNDLE_IDENTIFIER = alexshamrey.iCountries;
				PRODUCT_NAME = "$(TARGET_NAME)";
				SWIFT_EMIT_LOC_STRINGS = YES;
				SWIFT_VERSION = 5.0;
				TARGETED_DEVICE_FAMILY = "1,2";
			};
			name = Release;
		};
/* End XCBuildConfiguration section */

/* Begin XCConfigurationList section */
		D894B9CF28D0DE7200ACB289 /* Build configuration list for PBXProject "iCountries" */ = {
			isa = XCConfigurationList;
			buildConfigurations = (
				D894B9E628D0DE7400ACB289 /* Debug */,
				D894B9E728D0DE7400ACB289 /* Release */,
			);
			defaultConfigurationIsVisible = 0;
			defaultConfigurationName = Release;
		};
		D894B9E828D0DE7400ACB289 /* Build configuration list for PBXNativeTarget "iCountries" */ = {
			isa = XCConfigurationList;
			buildConfigurations = (
				D894B9E928D0DE7400ACB289 /* Debug */,
				D894B9EA28D0DE7400ACB289 /* Release */,
			);
			defaultConfigurationIsVisible = 0;
			defaultConfigurationName = Release;
		};
/* End XCConfigurationList section */

/* Begin XCRemoteSwiftPackageReference section */
		D8B813152900908600C368C1 /* XCRemoteSwiftPackageReference "Kingfisher" */ = {
			isa = XCRemoteSwiftPackageReference;
			repositoryURL = "https://github.com/onevcat/Kingfisher.git";
			requirement = {
				kind = upToNextMajorVersion;
				minimumVersion = 7.0.0;
			};
		};
/* End XCRemoteSwiftPackageReference section */

/* Begin XCSwiftPackageProductDependency section */
		D8B813162900908600C368C1 /* Kingfisher */ = {
			isa = XCSwiftPackageProductDependency;
			package = D8B813152900908600C368C1 /* XCRemoteSwiftPackageReference "Kingfisher" */;
			productName = Kingfisher;
		};
/* End XCSwiftPackageProductDependency section */
	};
	rootObject = D894B9CC28D0DE7200ACB289 /* Project object */;
}
